
Microsoft Visual Studio Solution File, Format Version 12.00
# Visual Studio 15
VisualStudioVersion = 15.0.28307.572
MinimumVisualStudioVersion = 10.0.40219.1
Project("{9A19103F-16F7-4668-BE54-9A1E7A4F7556}") = "WebApplication3", "WebApplication3\WebApplication3.csproj", "{AC770980-342B-469F-9664-D72FB6673618}"
EndProject
Project("{9A19103F-16F7-4668-BE54-9A1E7A4F7556}") = "ClassLibrary1", "ClassLibrary1\ClassLibrary1.csproj", "{D6E9AF8B-3612-430A-87D3-A871F1744E1E}"
EndProject
Global
	GlobalSection(SolutionConfigurationPlatforms) = preSolution
		Debug|Any CPU = Debug|Any CPU
		Release|Any CPU = Release|Any CPU
	EndGlobalSection
	GlobalSection(ProjectConfigurationPlatforms) = postSolution
		{AC770980-342B-469F-9664-D72FB6673618}.Debug|Any CPU.ActiveCfg = Debug|Any CPU
		{AC770980-342B-469F-9664-D72FB6673618}.Debug|Any CPU.Build.0 = Debug|Any CPU
		{AC770980-342B-469F-9664-D72FB6673618}.Release|Any CPU.ActiveCfg = Release|Any CPU
		{AC770980-342B-469F-9664-D72FB6673618}.Release|Any CPU.Build.0 = Release|Any CPU
		{D6E9AF8B-3612-430A-87D3-A871F1744E1E}.Debug|Any CPU.ActiveCfg = Debug|Any CPU
		{D6E9AF8B-3612-430A-87D3-A871F1744E1E}.Debug|Any CPU.Build.0 = Debug|Any CPU
		{D6E9AF8B-3612-430A-87D3-A871F1744E1E}.Release|Any CPU.ActiveCfg = Release|Any CPU
		{D6E9AF8B-3612-430A-87D3-A871F1744E1E}.Release|Any CPU.Build.0 = Release|Any CPU
	EndGlobalSection
	GlobalSection(SolutionProperties) = preSolution
		HideSolutionNode = FALSE
	EndGlobalSection
	GlobalSection(ExtensibilityGlobals) = postSolution
		SolutionGuid = {B41A3E68-72AA-49A6-A1C1-2E881C95F455}
	EndGlobalSection
EndGlobal
